
Microsoft Visual Studio Solution File, Format Version 12.00
# Visual Studio Version 16
VisualStudioVersion = 16.0.31321.278
MinimumVisualStudioVersion = 10.0.40219.1
Project("{9A19103F-16F7-4668-BE54-9A1E7A4F7556}") = "Blessed_Party", "Blessed_Party.csproj", "{C13F13E1-89A8-4A1F-8A9F-7B33ED6EF6F1}"
EndProject
Global
	GlobalSection(SolutionConfigurationPlatforms) = preSolution
		Debug|Any CPU = Debug|Any CPU
		Release|Any CPU = Release|Any CPU
	EndGlobalSection
	GlobalSection(ProjectConfigurationPlatforms) = postSolution
		{C13F13E1-89A8-4A1F-8A9F-7B33ED6EF6F1}.Debug|Any CPU.ActiveCfg = Debug|Any CPU
		{C13F13E1-89A8-4A1F-8A9F-7B33ED6EF6F1}.Debug|Any CPU.Build.0 = Debug|Any CPU
		{C13F13E1-89A8-4A1F-8A9F-7B33ED6EF6F1}.Release|Any CPU.ActiveCfg = Release|Any CPU
		{C13F13E1-89A8-4A1F-8A9F-7B33ED6EF6F1}.Release|Any CPU.Build.0 = Release|Any CPU
	EndGlobalSection
	GlobalSection(SolutionProperties) = preSolution
		HideSolutionNode = FALSE
	EndGlobalSection
	GlobalSection(ExtensibilityGlobals) = postSolution
		SolutionGuid = {28791399-BAAC-421A-80D9-8ACCA71B63FD}
	EndGlobalSection
EndGlobal
